
Microsoft Visual Studio Solution File, Format Version 12.00
# Visual Studio 14
VisualStudioVersion = 14.0.25420.1
MinimumVisualStudioVersion = 10.0.40219.1
Project("{8BC9CEB8-8B4A-11D0-8D11-00A0C91BC942}") = "HelloSocket", "HelloSocket\HelloSocket.vcxproj", "{6DBB7D34-9BCB-4123-9247-AEE37DEC7336}"
EndProject
Project("{8BC9CEB8-8B4A-11D0-8D11-00A0C91BC942}") = "EasyTcpServer", "EasyTcpServer\EasyTcpServer.vcxproj", "{AA7C67C3-19FB-4CFA-93EA-1D4DC60CB6B7}"
EndProject
Project("{8BC9CEB8-8B4A-11D0-8D11-00A0C91BC942}") = "EasyTcpClient", "EasyTcpClient\EasyTcpClient.vcxproj", "{D15C1A0B-E3A4-4A7E-BA18-E06B5109FEBF}"
EndProject
Project("{8BC9CEB8-8B4A-11D0-8D11-00A0C91BC942}") = "HelloThread", "HelloThread\HelloThread.vcxproj", "{2633FB82-42C9-4844-8805-A20CDFAE6BF0}"
EndProject
Global
	GlobalSection(SolutionConfigurationPlatforms) = preSolution
		Debug|x64 = Debug|x64
		Debug|x86 = Debug|x86
		Release|x64 = Release|x64
		Release|x86 = Release|x86
	EndGlobalSection
	GlobalSection(ProjectConfigurationPlatforms) = postSolution
		{6DBB7D34-9BCB-4123-9247-AEE37DEC7336}.Debug|x64.ActiveCfg = Debug|x64
		{6DBB7D34-9BCB-4123-9247-AEE37DEC7336}.Debug|x64.Build.0 = Debug|x64
		{6DBB7D34-9BCB-4123-9247-AEE37DEC7336}.Debug|x86.ActiveCfg = Debug|Win32
		{6DBB7D34-9BCB-4123-9247-AEE37DEC7336}.Debug|x86.Build.0 = Debug|Win32
		{6DBB7D34-9BCB-4123-9247-AEE37DEC7336}.Release|x64.ActiveCfg = Release|x64
		{6DBB7D34-9BCB-4123-9247-AEE37DEC7336}.Release|x64.Build.0 = Release|x64
		{6DBB7D34-9BCB-4123-9247-AEE37DEC7336}.Release|x86.ActiveCfg = Release|Win32
		{6DBB7D34-9BCB-4123-9247-AEE37DEC7336}.Release|x86.Build.0 = Release|Win32
		{AA7C67C3-19FB-4CFA-93EA-1D4DC60CB6B7}.Debug|x64.ActiveCfg = Debug|x64
		{AA7C67C3-19FB-4CFA-93EA-1D4DC60CB6B7}.Debug|x64.Build.0 = Debug|x64
		{AA7C67C3-19FB-4CFA-93EA-1D4DC60CB6B7}.Debug|x86.ActiveCfg = Debug|Win32
		{AA7C67C3-19FB-4CFA-93EA-1D4DC60CB6B7}.Debug|x86.Build.0 = Debug|Win32
		{AA7C67C3-19FB-4CFA-93EA-1D4DC60CB6B7}.Release|x64.ActiveCfg = Release|x64
		{AA7C67C3-19FB-4CFA-93EA-1D4DC60CB6B7}.Release|x64.Build.0 = Release|x64
		{AA7C67C3-19FB-4CFA-93EA-1D4DC60CB6B7}.Release|x86.ActiveCfg = Release|Win32
		{AA7C67C3-19FB-4CFA-93EA-1D4DC60CB6B7}.Release|x86.Build.0 = Release|Win32
		{D15C1A0B-E3A4-4A7E-BA18-E06B5109FEBF}.Debug|x64.ActiveCfg = Debug|x64
		{D15C1A0B-E3A4-4A7E-BA18-E06B5109FEBF}.Debug|x64.Build.0 = Debug|x64
		{D15C1A0B-E3A4-4A7E-BA18-E06B5109FEBF}.Debug|x86.ActiveCfg = Debug|Win32
		{D15C1A0B-E3A4-4A7E-BA18-E06B5109FEBF}.Debug|x86.Build.0 = Debug|Win32
		{D15C1A0B-E3A4-4A7E-BA18-E06B5109FEBF}.Release|x64.ActiveCfg = Release|x64
		{D15C1A0B-E3A4-4A7E-BA18-E06B5109FEBF}.Release|x64.Build.0 = Release|x64
		{D15C1A0B-E3A4-4A7E-BA18-E06B5109FEBF}.Release|x86.ActiveCfg = Release|Win32
		{D15C1A0B-E3A4-4A7E-BA18-E06B5109FEBF}.Release|x86.Build.0 = Release|Win32
		{2633FB82-42C9-4844-8805-A20CDFAE6BF0}.Debug|x64.ActiveCfg = Debug|x64
		{2633FB82-42C9-4844-8805-A20CDFAE6BF0}.Debug|x64.Build.0 = Debug|x64
		{2633FB82-42C9-4844-8805-A20CDFAE6BF0}.Debug|x86.ActiveCfg = Debug|Win32
		{2633FB82-42C9-4844-8805-A20CDFAE6BF0}.Debug|x86.Build.0 = Debug|Win32
		{2633FB82-42C9-4844-8805-A20CDFAE6BF0}.Release|x64.ActiveCfg = Release|x64
		{2633FB82-42C9-4844-8805-A20CDFAE6BF0}.Release|x64.Build.0 = Release|x64
		{2633FB82-42C9-4844-8805-A20CDFAE6BF0}.Release|x86.ActiveCfg = Release|Win32
		{2633FB82-42C9-4844-8805-A20CDFAE6BF0}.Release|x86.Build.0 = Release|Win32
	EndGlobalSection
	GlobalSection(SolutionProperties) = preSolution
		HideSolutionNode = FALSE
	EndGlobalSection
EndGlobal
